
Microsoft Visual Studio Solution File, Format Version 12.00
# Visual Studio Version 16
VisualStudioVersion = 16.0.29411.108
MinimumVisualStudioVersion = 10.0.40219.1
Project("{FAE04EC0-301F-11D3-BF4B-00C04F79EFBC}") = "Robot", "Robot\Robot.csproj", "{72DEB1F7-0805-4664-ABC8-6FCCBD266539}"
EndProject
Global
	GlobalSection(SolutionConfigurationPlatforms) = preSolution
		Debug|Any CPU = Debug|Any CPU
		Release|Any CPU = Release|Any CPU
	EndGlobalSection
	GlobalSection(ProjectConfigurationPlatforms) = postSolution
		{72DEB1F7-0805-4664-ABC8-6FCCBD266539}.Debug|Any CPU.ActiveCfg = Debug|Any CPU
		{72DEB1F7-0805-4664-ABC8-6FCCBD266539}.Debug|Any CPU.Build.0 = Debug|Any CPU
		{72DEB1F7-0805-4664-ABC8-6FCCBD266539}.Release|Any CPU.ActiveCfg = Release|Any CPU
		{72DEB1F7-0805-4664-ABC8-6FCCBD266539}.Release|Any CPU.Build.0 = Release|Any CPU
	EndGlobalSection
	GlobalSection(SolutionProperties) = preSolution
		HideSolutionNode = FALSE
	EndGlobalSection
	GlobalSection(ExtensibilityGlobals) = postSolution
		SolutionGuid = {78C1C242-261D-47BF-B229-3C3AE405401A}
	EndGlobalSection
EndGlobal
